# THIS IS AN AUTOGENERATED FILE. DO NOT EDIT THIS FILE DIRECTLY.
# yarn lockfile v1


"@babel/parser@^7.23.3":
  version "7.23.5"
  resolved "https://registry.npmjs.org/@babel/parser/-/parser-7.23.5.tgz"
  integrity sha512-hOOqoiNXrmGdFbhgCzu6GiURxUgM27Xwd/aPuu8RfHEZPBzL1Z54okAHAQjXfcQNwvrlkAmAp4SlRTZ45vlthQ==

"@codemirror/autocomplete@^6.0.0":
  version "6.11.1"
  resolved "https://registry.npmjs.org/@codemirror/autocomplete/-/autocomplete-6.11.1.tgz"
  integrity sha512-L5UInv8Ffd6BPw0P3EF7JLYAMeEbclY7+6Q11REt8vhih8RuLreKtPy/xk8wPxs4EQgYqzI7cdgpiYwWlbS/ow==
  dependencies:
    "@codemirror/language" "^6.0.0"
    "@codemirror/state" "^6.0.0"
    "@codemirror/view" "^6.17.0"
    "@lezer/common" "^1.0.0"

"@codemirror/commands@^6.0.0", "@codemirror/commands@6.x":
  version "6.3.2"
  resolved "https://registry.npmjs.org/@codemirror/commands/-/commands-6.3.2.tgz"
  integrity sha512-tjoi4MCWDNxgIpoLZ7+tezdS9OEB6pkiDKhfKx9ReJ/XBcs2G2RXIu+/FxXBlWsPTsz6C9q/r4gjzrsxpcnqCQ==
  dependencies:
    "@codemirror/language" "^6.0.0"
    "@codemirror/state" "^6.2.0"
    "@codemirror/view" "^6.0.0"
    "@lezer/common" "^1.1.0"

"@codemirror/language@^6.0.0", "@codemirror/language@6.x":
  version "6.9.3"
  resolved "https://registry.npmjs.org/@codemirror/language/-/language-6.9.3.tgz"
  integrity sha512-qq48pYzoi6ldYWV/52+Z9Ou6QouVI+8YwvxFbUypI33NbjG2UeRHKENRyhwljTTiOqjQ33FjyZj6EREQ9apAOQ==
  dependencies:
    "@codemirror/state" "^6.0.0"
    "@codemirror/view" "^6.0.0"
    "@lezer/common" "^1.1.0"
    "@lezer/highlight" "^1.0.0"
    "@lezer/lr" "^1.0.0"
    style-mod "^4.0.0"

"@codemirror/lint@^6.0.0":
  version "6.4.2"
  resolved "https://registry.npmjs.org/@codemirror/lint/-/lint-6.4.2.tgz"
  integrity sha512-wzRkluWb1ptPKdzlsrbwwjYCPLgzU6N88YBAmlZi8WFyuiEduSd05MnJYNogzyc8rPK7pj6m95ptUApc8sHKVA==
  dependencies:
    "@codemirror/state" "^6.0.0"
    "@codemirror/view" "^6.0.0"
    crelt "^1.0.5"

"@codemirror/search@^6.0.0":
  version "6.5.5"
  resolved "https://registry.npmjs.org/@codemirror/search/-/search-6.5.5.tgz"
  integrity sha512-PIEN3Ke1buPod2EHbJsoQwlbpkz30qGZKcnmH1eihq9+bPQx8gelauUwLYaY4vBOuBAuEhmpDLii4rj/uO0yMA==
  dependencies:
    "@codemirror/state" "^6.0.0"
    "@codemirror/view" "^6.0.0"
    crelt "^1.0.5"

"@codemirror/state@^6.0.0", "@codemirror/state@^6.1.4", "@codemirror/state@^6.2.0", "@codemirror/state@6.x":
  version "6.3.2"
  resolved "https://registry.npmjs.org/@codemirror/state/-/state-6.3.2.tgz"
  integrity sha512-5jEikOfU0r9y+OTlZn5AEQB15mibu3deLBUp+GnLzVUNezEEuPt/JdSeniQNi+0YviblAvOPO2JQAlgJ3SYYaA==

"@codemirror/view@^6.0.0", "@codemirror/view@^6.17.0", "@codemirror/view@6.x":
  version "6.22.1"
  resolved "https://registry.npmjs.org/@codemirror/view/-/view-6.22.1.tgz"
  integrity sha512-38BRn1nPqZqiHbmWfI8zri23IbRVbmSpSmh1E/Ysvc+lIGGdBC17K8zlK7ZU6fhfy9x4De9Zyj5JQqScPq5DkA==
  dependencies:
    "@codemirror/state" "^6.1.4"
    style-mod "^4.1.0"
    w3c-keyname "^2.2.4"

"@esbuild/darwin-x64@0.19.8":
  version "0.19.8"
  resolved "https://registry.npmjs.org/@esbuild/darwin-x64/-/darwin-x64-0.19.8.tgz"
  integrity sha512-3sur80OT9YdeZwIVgERAysAbwncom7b4bCI2XKLjMfPymTud7e/oY4y+ci1XVp5TfQp/bppn7xLw1n/oSQY3/Q==

"@highlightjs/vue-plugin@^2.1.0":
  version "2.1.0"
  resolved "https://registry.npmjs.org/@highlightjs/vue-plugin/-/vue-plugin-2.1.0.tgz"
  integrity sha512-E+bmk4ncca+hBEYRV2a+1aIzIV0VSY/e5ArjpuSN9IO7wBJrzUE2u4ESCwrbQD7sAy+jWQjkV5qCCWgc+pu7CQ==

"@jridgewell/sourcemap-codec@^1.4.15":
  version "1.4.15"
  resolved "https://registry.npmjs.org/@jridgewell/sourcemap-codec/-/sourcemap-codec-1.4.15.tgz"
  integrity sha512-eF2rxCRulEKXHTRiDrDy6erMYWqNw4LPdQ8UQA4huuxaQsVeRPFl2oM8oDGxMFhJUWZf9McpLtJasDDZb/Bpeg==

"@lezer/common@^1.0.0", "@lezer/common@^1.1.0":
  version "1.1.1"
  resolved "https://registry.npmjs.org/@lezer/common/-/common-1.1.1.tgz"
  integrity sha512-aAPB9YbvZHqAW+bIwiuuTDGB4DG0sYNRObGLxud8cW7osw1ZQxfDuTZ8KQiqfZ0QJGcR34CvpTMDXEyo/+Htgg==

"@lezer/highlight@^1.0.0":
  version "1.2.0"
  resolved "https://registry.npmjs.org/@lezer/highlight/-/highlight-1.2.0.tgz"
  integrity sha512-WrS5Mw51sGrpqjlh3d4/fOwpEV2Hd3YOkp9DBt4k8XZQcoTHZFB7sx030A6OcahF4J1nDQAa3jXlTVVYH50IFA==
  dependencies:
    "@lezer/common" "^1.0.0"

"@lezer/lr@^1.0.0":
  version "1.3.14"
  resolved "https://registry.npmjs.org/@lezer/lr/-/lr-1.3.14.tgz"
  integrity sha512-z5mY4LStlA3yL7aHT/rqgG614cfcvklS+8oFRFBYrs4YaWLJyKKM4+nN6KopToX0o9Hj6zmH6M5kinOYuy06ug==
  dependencies:
    "@lezer/common" "^1.0.0"

"@rollup/rollup-darwin-x64@4.6.1":
  version "4.6.1"
  resolved "https://registry.npmjs.org/@rollup/rollup-darwin-x64/-/rollup-darwin-x64-4.6.1.tgz"
  integrity sha512-LoSU9Xu56isrkV2jLldcKspJ7sSXmZWkAxg7sW/RfF7GS4F5/v4EiqKSMCFbZtDu2Nc1gxxFdQdKwkKS4rwxNg==

"@vitejs/plugin-vue@^4.5.0":
  version "4.5.1"
  resolved "https://registry.npmjs.org/@vitejs/plugin-vue/-/plugin-vue-4.5.1.tgz"
  integrity sha512-DaUzYFr+2UGDG7VSSdShKa9sIWYBa1LL8KC0MNOf2H5LjcTPjob0x8LbkqXWmAtbANJCkpiQTj66UVcQkN2s3g==

"@volar/language-core@~1.11.1", "@volar/language-core@1.11.1":
  version "1.11.1"
  resolved "https://registry.npmjs.org/@volar/language-core/-/language-core-1.11.1.tgz"
  integrity sha512-dOcNn3i9GgZAcJt43wuaEykSluAuOkQgzni1cuxLxTV0nJKanQztp7FxyswdRILaKH+P2XZMPRp2S4MV/pElCw==
  dependencies:
    "@volar/source-map" "1.11.1"

"@volar/source-map@~1.11.1", "@volar/source-map@1.11.1":
  version "1.11.1"
  resolved "https://registry.npmjs.org/@volar/source-map/-/source-map-1.11.1.tgz"
  integrity sha512-hJnOnwZ4+WT5iupLRnuzbULZ42L7BWWPMmruzwtLhJfpDVoZLjNBxHDi2sY2bgZXCKlpU5XcsMFoYrsQmPhfZg==
  dependencies:
    muggle-string "^0.3.1"

"@volar/typescript@~1.11.1":
  version "1.11.1"
  resolved "https://registry.npmjs.org/@volar/typescript/-/typescript-1.11.1.tgz"
  integrity sha512-iU+t2mas/4lYierSnoFOeRFQUhAEMgsFuQxoxvwn5EdQopw43j+J27a4lt9LMInx1gLJBC6qL14WYGlgymaSMQ==
  dependencies:
    "@volar/language-core" "1.11.1"
    path-browserify "^1.0.1"

"@vue/compiler-core@3.3.9":
  version "3.3.9"
  resolved "https://registry.npmjs.org/@vue/compiler-core/-/compiler-core-3.3.9.tgz"
  integrity sha512-+/Lf68Vr/nFBA6ol4xOtJrW+BQWv3QWKfRwGSm70jtXwfhZNF4R/eRgyVJYoxFRhdCTk/F6g99BP0ffPgZihfQ==
  dependencies:
    "@babel/parser" "^7.23.3"
    "@vue/shared" "3.3.9"
    estree-walker "^2.0.2"
    source-map-js "^1.0.2"

"@vue/compiler-dom@^3.3.0", "@vue/compiler-dom@3.3.9":
  version "3.3.9"
  resolved "https://registry.npmjs.org/@vue/compiler-dom/-/compiler-dom-3.3.9.tgz"
  integrity sha512-nfWubTtLXuT4iBeDSZ5J3m218MjOy42Vp2pmKVuBKo2/BLcrFUX8nCSr/bKRFiJ32R8qbdnnnBgRn9AdU5v0Sg==
  dependencies:
    "@vue/compiler-core" "3.3.9"
    "@vue/shared" "3.3.9"

"@vue/compiler-sfc@3.3.9":
  version "3.3.9"
  resolved "https://registry.npmjs.org/@vue/compiler-sfc/-/compiler-sfc-3.3.9.tgz"
  integrity sha512-wy0CNc8z4ihoDzjASCOCsQuzW0A/HP27+0MDSSICMjVIFzk/rFViezkR3dzH+miS2NDEz8ywMdbjO5ylhOLI2A==
  dependencies:
    "@babel/parser" "^7.23.3"
    "@vue/compiler-core" "3.3.9"
    "@vue/compiler-dom" "3.3.9"
    "@vue/compiler-ssr" "3.3.9"
    "@vue/reactivity-transform" "3.3.9"
    "@vue/shared" "3.3.9"
    estree-walker "^2.0.2"
    magic-string "^0.30.5"
    postcss "^8.4.31"
    source-map-js "^1.0.2"

"@vue/compiler-ssr@3.3.9":
  version "3.3.9"
  resolved "https://registry.npmjs.org/@vue/compiler-ssr/-/compiler-ssr-3.3.9.tgz"
  integrity sha512-NO5oobAw78R0G4SODY5A502MGnDNiDjf6qvhn7zD7TJGc8XDeIEw4fg6JU705jZ/YhuokBKz0A5a/FL/XZU73g==
  dependencies:
    "@vue/compiler-dom" "3.3.9"
    "@vue/shared" "3.3.9"

"@vue/devtools-api@^6.5.0":
  version "6.5.1"
  resolved "https://registry.npmjs.org/@vue/devtools-api/-/devtools-api-6.5.1.tgz"
  integrity sha512-+KpckaAQyfbvshdDW5xQylLni1asvNSGme1JFs8I1+/H5pHEhqUKMEQD/qn3Nx5+/nycBq11qAEi8lk+LXI2dA==

"@vue/language-core@1.8.24":
  version "1.8.24"
  resolved "https://registry.npmjs.org/@vue/language-core/-/language-core-1.8.24.tgz"
  integrity sha512-2ClHvij0WlsDWryPzXJCSpPc6rusZFNoVtRZGgGGkKCmKuIREDDKmH8j+1tYyxPYyH0qL6pZ6+IHD8KIm5nWAw==
  dependencies:
    "@volar/language-core" "~1.11.1"
    "@volar/source-map" "~1.11.1"
    "@vue/compiler-dom" "^3.3.0"
    "@vue/shared" "^3.3.0"
    computeds "^0.0.1"
    minimatch "^9.0.3"
    muggle-string "^0.3.1"
    path-browserify "^1.0.1"
    vue-template-compiler "^2.7.14"

"@vue/reactivity-transform@3.3.9":
  version "3.3.9"
  resolved "https://registry.npmjs.org/@vue/reactivity-transform/-/reactivity-transform-3.3.9.tgz"
  integrity sha512-HnUFm7Ry6dFa4Lp63DAxTixUp8opMtQr6RxQCpDI1vlh12rkGIeYqMvJtK+IKyEfEOa2I9oCkD1mmsPdaGpdVg==
  dependencies:
    "@babel/parser" "^7.23.3"
    "@vue/compiler-core" "3.3.9"
    "@vue/shared" "3.3.9"
    estree-walker "^2.0.2"
    magic-string "^0.30.5"

"@vue/reactivity@3.3.9":
  version "3.3.9"
  resolved "https://registry.npmjs.org/@vue/reactivity/-/reactivity-3.3.9.tgz"
  integrity sha512-VmpIqlNp+aYDg2X0xQhJqHx9YguOmz2UxuUJDckBdQCNkipJvfk9yA75woLWElCa0Jtyec3lAAt49GO0izsphw==
  dependencies:
    "@vue/shared" "3.3.9"

"@vue/runtime-core@3.3.9":
  version "3.3.9"
  resolved "https://registry.npmjs.org/@vue/runtime-core/-/runtime-core-3.3.9.tgz"
  integrity sha512-xxaG9KvPm3GTRuM4ZyU8Tc+pMVzcu6eeoSRQJ9IE7NmCcClW6z4B3Ij6L4EDl80sxe/arTtQ6YmgiO4UZqRc+w==
  dependencies:
    "@vue/reactivity" "3.3.9"
    "@vue/shared" "3.3.9"

"@vue/runtime-dom@3.3.9":
  version "3.3.9"
  resolved "https://registry.npmjs.org/@vue/runtime-dom/-/runtime-dom-3.3.9.tgz"
  integrity sha512-e7LIfcxYSWbV6BK1wQv9qJyxprC75EvSqF/kQKe6bdZEDNValzeRXEVgiX7AHI6hZ59HA4h7WT5CGvm69vzJTQ==
  dependencies:
    "@vue/runtime-core" "3.3.9"
    "@vue/shared" "3.3.9"
    csstype "^3.1.2"

"@vue/server-renderer@3.3.9":
  version "3.3.9"
  resolved "https://registry.npmjs.org/@vue/server-renderer/-/server-renderer-3.3.9.tgz"
  integrity sha512-w0zT/s5l3Oa3ZjtLW88eO4uV6AQFqU8X5GOgzq7SkQQu6vVr+8tfm+OI2kDBplS/W/XgCBuFXiPw6T5EdwXP0A==
  dependencies:
    "@vue/compiler-ssr" "3.3.9"
    "@vue/shared" "3.3.9"

"@vue/shared@^3.3.0", "@vue/shared@3.3.9":
  version "3.3.9"
  resolved "https://registry.npmjs.org/@vue/shared/-/shared-3.3.9.tgz"
  integrity sha512-ZE0VTIR0LmYgeyhurPTpy4KzKsuDyQbMSdM49eKkMnT5X4VfFBLysMzjIZhLEFQYjjOVVfbvUDHckwjDFiO2eA==

anymatch@~3.1.2:
  version "3.1.3"
  resolved "https://registry.npmjs.org/anymatch/-/anymatch-3.1.3.tgz"
  integrity sha512-KMReFUr0B4t+D+OBkjR3KYqvocp2XaSzO55UcB6mgQMd3KbcE+mWTyvVV7D/zsdEbNnV6acZUutkiHQXvTr1Rw==
  dependencies:
    normalize-path "^3.0.0"
    picomatch "^2.0.4"

balanced-match@^1.0.0:
  version "1.0.2"
  resolved "https://registry.npmjs.org/balanced-match/-/balanced-match-1.0.2.tgz"
  integrity sha512-3oSeUO0TMV67hN1AmbXsK4yaqU7tjiHlbxRDZOpH0KW9+CeX4bRAaX0Anxt0tx2MrpRpWwQaPwIlISEJhYU5Pw==

binary-extensions@^2.0.0:
  version "2.2.0"
  resolved "https://registry.npmjs.org/binary-extensions/-/binary-extensions-2.2.0.tgz"
  integrity sha512-jDctJ/IVQbZoJykoeHbhXpOlNBqGNcwXJKJog42E5HDPUwQTSdjCHdihjj0DlnheQ7blbT6dHOafNAiS8ooQKA==

brace-expansion@^2.0.1:
  version "2.0.1"
  resolved "https://registry.npmjs.org/brace-expansion/-/brace-expansion-2.0.1.tgz"
  integrity sha512-XnAIvQ8eM+kC6aULx6wuQiwVsnzsi9d3WxzV3FpWTGA19F621kwdbsAcFKXgKUHZWsy+mY6iL1sHTxWEFCytDA==
  dependencies:
    balanced-match "^1.0.0"

braces@~3.0.2:
  version "3.0.2"
  resolved "https://registry.npmjs.org/braces/-/braces-3.0.2.tgz"
  integrity sha512-b8um+L1RzM3WDSzvhm6gIz1yfTbBt6YTlcEKAvsmqCZZFw46z626lVj9j1yEPW33H5H+lBQpZMP1k8l+78Ha0A==
  dependencies:
    fill-range "^7.0.1"

"chokidar@>=3.0.0 <4.0.0":
  version "3.5.3"
  resolved "https://registry.npmjs.org/chokidar/-/chokidar-3.5.3.tgz"
  integrity sha512-Dr3sfKRP6oTcjf2JmUmFJfeVMvXBdegxB0iVQ5eb2V10uFJUCAS8OByZdVAyVb8xXNz3GjjTgj9kLWsZTqE6kw==
  dependencies:
    anymatch "~3.1.2"
    braces "~3.0.2"
    glob-parent "~5.1.2"
    is-binary-path "~2.1.0"
    is-glob "~4.0.1"
    normalize-path "~3.0.0"
    readdirp "~3.6.0"
  optionalDependencies:
    fsevents "~2.3.2"

codemirror@^6.0.1, codemirror@6.x:
  version "6.0.1"
  resolved "https://registry.npmjs.org/codemirror/-/codemirror-6.0.1.tgz"
  integrity sha512-J8j+nZ+CdWmIeFIGXEFbFPtpiYacFMDR8GlHK3IyHQJMCaVRfGx9NT+Hxivv1ckLWPvNdZqndbr/7lVhrf/Svg==
  dependencies:
    "@codemirror/autocomplete" "^6.0.0"
    "@codemirror/commands" "^6.0.0"
    "@codemirror/language" "^6.0.0"
    "@codemirror/lint" "^6.0.0"
    "@codemirror/search" "^6.0.0"
    "@codemirror/state" "^6.0.0"
    "@codemirror/view" "^6.0.0"

computeds@^0.0.1:
  version "0.0.1"
  resolved "https://registry.npmjs.org/computeds/-/computeds-0.0.1.tgz"
  integrity sha512-7CEBgcMjVmitjYo5q8JTJVra6X5mQ20uTThdK+0kR7UEaDrAWEQcRiBtWJzga4eRpP6afNwwLsX2SET2JhVB1Q==

crelt@^1.0.5:
  version "1.0.6"
  resolved "https://registry.npmjs.org/crelt/-/crelt-1.0.6.tgz"
  integrity sha512-VQ2MBenTq1fWZUH9DJNGti7kKv6EeAuYr3cLwxUWhIu1baTaXh4Ib5W2CqHVqib4/MqbYGJqiL3Zb8GJZr3l4g==

csstype@^3.1.2:
  version "3.1.2"
  resolved "https://registry.npmjs.org/csstype/-/csstype-3.1.2.tgz"
  integrity sha512-I7K1Uu0MBPzaFKg4nI5Q7Vs2t+3gWWW648spaF+Rg7pI9ds18Ugn+lvg4SHczUdKlHI5LWBXyqfS8+DufyBsgQ==

de-indent@^1.0.2:
  version "1.0.2"
  resolved "https://registry.npmjs.org/de-indent/-/de-indent-1.0.2.tgz"
  integrity sha512-e/1zu3xH5MQryN2zdVaF0OrdNLUbvWxzMbi+iNA6Bky7l1RoP8a2fIbRocyHclXt/arDrrR6lL3TqFD9pMQTsg==

debug@^4.1.1:
  version "4.3.4"
  resolved "https://registry.npmjs.org/debug/-/debug-4.3.4.tgz"
  integrity sha512-PRWFHuSU3eDtQJPvnNY7Jcket1j0t5OuOsFzPPzsekD52Zl8qUfFIPEiswXqIvHWGVHOgX+7G/vCNNhehwxfkQ==
  dependencies:
    ms "2.1.2"

esbuild@^0.19.3:
  version "0.19.8"
  resolved "https://registry.npmjs.org/esbuild/-/esbuild-0.19.8.tgz"
  integrity sha512-l7iffQpT2OrZfH2rXIp7/FkmaeZM0vxbxN9KfiCwGYuZqzMg/JdvX26R31Zxn/Pxvsrg3Y9N6XTcnknqDyyv4w==
  optionalDependencies:
    "@esbuild/android-arm" "0.19.8"
    "@esbuild/android-arm64" "0.19.8"
    "@esbuild/android-x64" "0.19.8"
    "@esbuild/darwin-arm64" "0.19.8"
    "@esbuild/darwin-x64" "0.19.8"
    "@esbuild/freebsd-arm64" "0.19.8"
    "@esbuild/freebsd-x64" "0.19.8"
    "@esbuild/linux-arm" "0.19.8"
    "@esbuild/linux-arm64" "0.19.8"
    "@esbuild/linux-ia32" "0.19.8"
    "@esbuild/linux-loong64" "0.19.8"
    "@esbuild/linux-mips64el" "0.19.8"
    "@esbuild/linux-ppc64" "0.19.8"
    "@esbuild/linux-riscv64" "0.19.8"
    "@esbuild/linux-s390x" "0.19.8"
    "@esbuild/linux-x64" "0.19.8"
    "@esbuild/netbsd-x64" "0.19.8"
    "@esbuild/openbsd-x64" "0.19.8"
    "@esbuild/sunos-x64" "0.19.8"
    "@esbuild/win32-arm64" "0.19.8"
    "@esbuild/win32-ia32" "0.19.8"
    "@esbuild/win32-x64" "0.19.8"

estree-walker@^2.0.2:
  version "2.0.2"
  resolved "https://registry.npmjs.org/estree-walker/-/estree-walker-2.0.2.tgz"
  integrity sha512-Rfkk/Mp/DL7JVje3u18FxFujQlTNR2q6QfMSMB7AvCBx91NGj/ba3kCfza0f6dVDbw7YlRf/nDrn7pQrCCyQ/w==

fill-range@^7.0.1:
  version "7.0.1"
  resolved "https://registry.npmjs.org/fill-range/-/fill-range-7.0.1.tgz"
  integrity sha512-qOo9F+dMUmC2Lcb4BbVvnKJxTPjCm+RRpe4gDuGrzkL7mEVl/djYSu2OdQ2Pa302N4oqkSg9ir6jaLWJ2USVpQ==
  dependencies:
    to-regex-range "^5.0.1"

fsevents@~2.3.2, fsevents@~2.3.3:
  version "2.3.3"
  resolved "https://registry.npmjs.org/fsevents/-/fsevents-2.3.3.tgz"
  integrity sha512-5xoDfX+fL7faATnagmWPpbFtwh/R77WmMMqqHGS65C3vvB0YHrgF+B1YmZ3441tMj5n63k0212XNoJwzlhffQw==

glob-parent@~5.1.2:
  version "5.1.2"
  resolved "https://registry.npmjs.org/glob-parent/-/glob-parent-5.1.2.tgz"
  integrity sha512-AOIgSQCepiJYwP3ARnGx+5VnTu2HBYdzbGP45eLw1vr3zB3vZLeyed1sC9hnbcOc9/SrMyM5RPQrkGz4aS9Zow==
  dependencies:
    is-glob "^4.0.1"

globrex@^0.1.2:
  version "0.1.2"
  resolved "https://registry.npmjs.org/globrex/-/globrex-0.1.2.tgz"
  integrity sha512-uHJgbwAMwNFf5mLst7IWLNg14x1CkeqglJb/K3doi4dw6q2IvAAmM/Y81kevy83wP+Sst+nutFTYOGg3d1lsxg==

he@^1.2.0:
  version "1.2.0"
  resolved "https://registry.npmjs.org/he/-/he-1.2.0.tgz"
  integrity sha512-F/1DnUGPopORZi0ni+CvrCgHQ5FyEAHRLSApuYWMmrbSwoN2Mn/7k+Gl38gJnR7yyDZk6WLXwiGod1JOWNDKGw==

highlight.js@^11.0.1, highlight.js@^11.9.0:
  version "11.9.0"
  resolved "https://registry.npmjs.org/highlight.js/-/highlight.js-11.9.0.tgz"
  integrity sha512-fJ7cW7fQGCYAkgv4CPfwFHrfd/cLS4Hau96JuJ+ZTOWhjnhoeN1ub1tFmALm/+lW5z4WCAuAV9bm05AP0mS6Gw==

immutable@^4.0.0:
  version "4.3.4"
  resolved "https://registry.npmjs.org/immutable/-/immutable-4.3.4.tgz"
  integrity sha512-fsXeu4J4i6WNWSikpI88v/PcVflZz+6kMhUfIwc5SY+poQRPnaf5V7qds6SUyUN3cVxEzuCab7QIoLOQ+DQ1wA==

is-binary-path@~2.1.0:
  version "2.1.0"
  resolved "https://registry.npmjs.org/is-binary-path/-/is-binary-path-2.1.0.tgz"
  integrity sha512-ZMERYes6pDydyuGidse7OsHxtbI7WVeUEozgR/g7rd0xUimYNlvZRE/K2MgZTjWy725IfelLeVcEM97mmtRGXw==
  dependencies:
    binary-extensions "^2.0.0"

is-extglob@^2.1.1:
  version "2.1.1"
  resolved "https://registry.npmjs.org/is-extglob/-/is-extglob-2.1.1.tgz"
  integrity sha512-SbKbANkN603Vi4jEZv49LeVJMn4yGwsbzZworEoyEiutsN3nJYdbO36zfhGJ6QEDpOZIFkDtnq5JRxmvl3jsoQ==

is-glob@^4.0.1, is-glob@~4.0.1:
  version "4.0.3"
  resolved "https://registry.npmjs.org/is-glob/-/is-glob-4.0.3.tgz"
  integrity sha512-xelSayHH36ZgE7ZWhli7pW34hNbNl8Ojv5KVmkJD4hBdD3th8Tfk9vYasLM+mXWOZhFkgZfxhLSnrwRr4elSSg==
  dependencies:
    is-extglob "^2.1.1"

is-number@^7.0.0:
  version "7.0.0"
  resolved "https://registry.npmjs.org/is-number/-/is-number-7.0.0.tgz"
  integrity sha512-41Cifkg6e8TylSpdtTpeLVMqvSBEVzTttHvERD741+pnZ8ANv0004MRL43QKPDlK9cGvNp6NZWZUBlbGXYxxng==

lru-cache@^6.0.0:
  version "6.0.0"
  resolved "https://registry.npmjs.org/lru-cache/-/lru-cache-6.0.0.tgz"
  integrity sha512-Jo6dJ04CmSjuznwJSS3pUeWmd/H0ffTlkXXgwZi+eq1UCmqQwCh+eLsYOYCwY991i2Fah4h1BEMCx4qThGbsiA==
  dependencies:
    yallist "^4.0.0"

magic-string@^0.30.5:
  version "0.30.5"
  resolved "https://registry.npmjs.org/magic-string/-/magic-string-0.30.5.tgz"
  integrity sha512-7xlpfBaQaP/T6Vh8MO/EqXSW5En6INHEvEXQiuff7Gku0PWjU3uf6w/j9o7O+SpB5fOAkrI5HeoNgwjEO0pFsA==
  dependencies:
    "@jridgewell/sourcemap-codec" "^1.4.15"

minimatch@^9.0.3:
  version "9.0.3"
  resolved "https://registry.npmjs.org/minimatch/-/minimatch-9.0.3.tgz"
  integrity sha512-RHiac9mvaRw0x3AYRgDC1CxAP7HTcNrrECeA8YYJeWnpo+2Q5CegtZjaotWTWxDG3UeGA1coE05iH1mPjT/2mg==
  dependencies:
    brace-expansion "^2.0.1"

ms@2.1.2:
  version "2.1.2"
  resolved "https://registry.npmjs.org/ms/-/ms-2.1.2.tgz"
  integrity sha512-sGkPx+VjMtmA6MX27oA4FBFELFCZZ4S4XqeGOXCv68tT+jb3vk/RyaKWP0PTKyWtmLSM0b+adUTEvbs1PEaH2w==

muggle-string@^0.3.1:
  version "0.3.1"
  resolved "https://registry.npmjs.org/muggle-string/-/muggle-string-0.3.1.tgz"
  integrity sha512-ckmWDJjphvd/FvZawgygcUeQCxzvohjFO5RxTjj4eq8kw359gFF3E1brjfI+viLMxss5JrHTDRHZvu2/tuy0Qg==

nanoid@^3.3.6:
  version "3.3.7"
  resolved "https://registry.npmjs.org/nanoid/-/nanoid-3.3.7.tgz"
  integrity sha512-eSRppjcPIatRIMC1U6UngP8XFcz8MQWGQdt1MTBQ7NaAmvXDfvNxbvWV3x2y6CdEUciCSsDHDQZbhYaB8QEo2g==

normalize-path@^3.0.0, normalize-path@~3.0.0:
  version "3.0.0"
  resolved "https://registry.npmjs.org/normalize-path/-/normalize-path-3.0.0.tgz"
  integrity sha512-6eZs5Ls3WtCisHWp9S2GUy8dqkpGi4BVSz3GaqiE6ezub0512ESztXUwUB6C6IKbQkY2Pnb/mD4WYojCRwcwLA==

path-browserify@^1.0.1:
  version "1.0.1"
  resolved "https://registry.npmjs.org/path-browserify/-/path-browserify-1.0.1.tgz"
  integrity sha512-b7uo2UCUOYZcnF/3ID0lulOJi/bafxa1xPe7ZPsammBSpjSWQkjNxlt635YGS2MiR9GjvuXCtz2emr3jbsz98g==

picocolors@^1.0.0:
  version "1.0.0"
  resolved "https://registry.npmjs.org/picocolors/-/picocolors-1.0.0.tgz"
  integrity sha512-1fygroTLlHu66zi26VoTDv8yRgm0Fccecssto+MhsZ0D/DGW2sm8E8AjW7NU5VVTRt5GxbeZ5qBuJr+HyLYkjQ==

picomatch@^2.0.4, picomatch@^2.2.1:
  version "2.3.1"
  resolved "https://registry.npmjs.org/picomatch/-/picomatch-2.3.1.tgz"
  integrity sha512-JU3teHTNjmE2VCGFzuY8EXzCDVwEqB2a8fsIvwaStHhAWJEeVd1o1QD80CU6+ZdEXXSLbSsuLwJjkCBWqRQUVA==

postcss@^8.4.31:
  version "8.4.31"
  resolved "https://registry.npmjs.org/postcss/-/postcss-8.4.31.tgz"
  integrity sha512-PS08Iboia9mts/2ygV3eLpY5ghnUcfLV/EXTOW1E2qYxJKGGBUtNjN76FYHnMs36RmARn41bC0AZmn+rR0OVpQ==
  dependencies:
    nanoid "^3.3.6"
    picocolors "^1.0.0"
    source-map-js "^1.0.2"

readdirp@~3.6.0:
  version "3.6.0"
  resolved "https://registry.npmjs.org/readdirp/-/readdirp-3.6.0.tgz"
  integrity sha512-hOS089on8RduqdbhvQ5Z37A0ESjsqz6qnRcffsMU3495FuTdqSm+7bhJ29JvIOsBDEEnan5DPu9t3To9VRlMzA==
  dependencies:
    picomatch "^2.2.1"

rollup@^4.2.0:
  version "4.6.1"
  resolved "https://registry.npmjs.org/rollup/-/rollup-4.6.1.tgz"
  integrity sha512-jZHaZotEHQaHLgKr8JnQiDT1rmatjgKlMekyksz+yk9jt/8z9quNjnKNRoaM0wd9DC2QKXjmWWuDYtM3jfF8pQ==
  optionalDependencies:
    "@rollup/rollup-android-arm-eabi" "4.6.1"
    "@rollup/rollup-android-arm64" "4.6.1"
    "@rollup/rollup-darwin-arm64" "4.6.1"
    "@rollup/rollup-darwin-x64" "4.6.1"
    "@rollup/rollup-linux-arm-gnueabihf" "4.6.1"
    "@rollup/rollup-linux-arm64-gnu" "4.6.1"
    "@rollup/rollup-linux-arm64-musl" "4.6.1"
    "@rollup/rollup-linux-x64-gnu" "4.6.1"
    "@rollup/rollup-linux-x64-musl" "4.6.1"
    "@rollup/rollup-win32-arm64-msvc" "4.6.1"
    "@rollup/rollup-win32-ia32-msvc" "4.6.1"
    "@rollup/rollup-win32-x64-msvc" "4.6.1"
    fsevents "~2.3.2"

sass@*, sass@^1.69.5:
  version "1.69.5"
  resolved "https://registry.npmjs.org/sass/-/sass-1.69.5.tgz"
  integrity sha512-qg2+UCJibLr2LCVOt3OlPhr/dqVHWOa9XtZf2OjbLs/T4VPSJ00udtgJxH3neXZm+QqX8B+3cU7RaLqp1iVfcQ==
  dependencies:
    chokidar ">=3.0.0 <4.0.0"
    immutable "^4.0.0"
    source-map-js ">=0.6.2 <2.0.0"

semver@^7.5.4:
  version "7.5.4"
  resolved "https://registry.npmjs.org/semver/-/semver-7.5.4.tgz"
  integrity sha512-1bCSESV6Pv+i21Hvpxp3Dx+pSD8lIPt8uVjRrxAUt/nbswYc+tK6Y2btiULjd4+fnq15PX+nqQDC7Oft7WkwcA==
  dependencies:
    lru-cache "^6.0.0"

source-map-js@^1.0.2, "source-map-js@>=0.6.2 <2.0.0":
  version "1.0.2"
  resolved "https://registry.npmjs.org/source-map-js/-/source-map-js-1.0.2.tgz"
  integrity sha512-R0XvVJ9WusLiqTCEiGCmICCMplcCkIwwR11mOSD9CR5u+IXYdiseeEuXCVAjS54zqwkLcPNnmU4OeJ6tUrWhDw==

style-mod@^4.0.0, style-mod@^4.1.0:
  version "4.1.0"
  resolved "https://registry.npmjs.org/style-mod/-/style-mod-4.1.0.tgz"
  integrity sha512-Ca5ib8HrFn+f+0n4N4ScTIA9iTOQ7MaGS1ylHcoVqW9J7w2w8PzN6g9gKmTYgGEBH8e120+RCmhpje6jC5uGWA==

to-regex-range@^5.0.1:
  version "5.0.1"
  resolved "https://registry.npmjs.org/to-regex-range/-/to-regex-range-5.0.1.tgz"
  integrity sha512-65P7iz6X5yEr1cwcgvQxbbIw7Uk3gOy5dIdtZ4rDveLqhrdJP+Li/Hx6tyK0NEb+2GCyneCMJiGqrADCSNk8sQ==
  dependencies:
    is-number "^7.0.0"

tsconfck@^2.1.0:
  version "2.1.2"
  resolved "https://registry.npmjs.org/tsconfck/-/tsconfck-2.1.2.tgz"
  integrity sha512-ghqN1b0puy3MhhviwO2kGF8SeMDNhEbnKxjK7h6+fvY9JAxqvXi8y5NAHSQv687OVboS2uZIByzGd45/YxrRHg==

typescript@*, "typescript@^4.3.5 || ^5.0.0", typescript@^5.2.2, typescript@>=4.7:
  version "5.3.2"
  resolved "https://registry.npmjs.org/typescript/-/typescript-5.3.2.tgz"
  integrity sha512-6l+RyNy7oAHDfxC4FzSJcz9vnjTKxrLpDG5M2Vu4SHRVNg6xzqZp6LYSR9zjqQTu8DU/f5xwxUdADOkbrIX2gQ==

vite-tsconfig-paths@^4.2.1:
  version "4.2.1"
  resolved "https://registry.npmjs.org/vite-tsconfig-paths/-/vite-tsconfig-paths-4.2.1.tgz"
  integrity sha512-GNUI6ZgPqT3oervkvzU+qtys83+75N/OuDaQl7HmOqFTb0pjZsuARrRipsyJhJ3enqV8beI1xhGbToR4o78nSQ==
  dependencies:
    debug "^4.1.1"
    globrex "^0.1.2"
    tsconfck "^2.1.0"

vite@*, "vite@^4.0.0 || ^5.0.0", vite@^5.0.0:
  version "5.0.4"
  resolved "https://registry.npmjs.org/vite/-/vite-5.0.4.tgz"
  integrity sha512-RzAr8LSvM8lmhB4tQ5OPcBhpjOZRZjuxv9zO5UcxeoY2bd3kP3Ticd40Qma9/BqZ8JS96Ll/jeBX9u+LJZrhVg==
  dependencies:
    esbuild "^0.19.3"
    postcss "^8.4.31"
    rollup "^4.2.0"
  optionalDependencies:
    fsevents "~2.3.3"

vue-codemirror@^6.1.1:
  version "6.1.1"
  resolved "https://registry.npmjs.org/vue-codemirror/-/vue-codemirror-6.1.1.tgz"
  integrity sha512-rTAYo44owd282yVxKtJtnOi7ERAcXTeviwoPXjIc6K/IQYUsoDkzPvw/JDFtSP6T7Cz/2g3EHaEyeyaQCKoDMg==
  dependencies:
    "@codemirror/commands" "6.x"
    "@codemirror/language" "6.x"
    "@codemirror/state" "6.x"
    "@codemirror/view" "6.x"

vue-prism-component@^2.0.0:
  version "2.0.0"
  resolved "https://registry.npmjs.org/vue-prism-component/-/vue-prism-component-2.0.0.tgz"
  integrity sha512-1ofrL+GCZOv4HqtX5W3EgkhSAgadSeuD8FDTXbwhLy8kS+28RCR8t2S5VTeM9U/peAaXLBpSgRt3J25ao8KTeg==

vue-router@^4.2.5:
  version "4.2.5"
  resolved "https://registry.npmjs.org/vue-router/-/vue-router-4.2.5.tgz"
  integrity sha512-DIUpKcyg4+PTQKfFPX88UWhlagBEBEfJ5A8XDXRJLUnZOvcpMF8o/dnL90vpVkGaPbjvXazV/rC1qBKrZlFugw==
  dependencies:
    "@vue/devtools-api" "^6.5.0"

vue-template-compiler@^2.7.14:
  version "2.7.15"
  resolved "https://registry.npmjs.org/vue-template-compiler/-/vue-template-compiler-2.7.15.tgz"
  integrity sha512-yQxjxMptBL7UAog00O8sANud99C6wJF+7kgbcwqkvA38vCGF7HWE66w0ZFnS/kX5gSoJr/PQ4/oS3Ne2pW37Og==
  dependencies:
    de-indent "^1.0.2"
    he "^1.2.0"

vue-tsc@^1.8.22:
  version "1.8.24"
  resolved "https://registry.npmjs.org/vue-tsc/-/vue-tsc-1.8.24.tgz"
  integrity sha512-eH1CSj231OzVEY5Hi7wS6ubzyOEwgr5jCptR0Ddf2SitGcaXIsPVDvrprm3eolCdyhDt3WS1Eb2F4fGX9BsUUw==
  dependencies:
    "@volar/typescript" "~1.11.1"
    "@vue/language-core" "1.8.24"
    semver "^7.5.4"

vue@^3, vue@^3.2.0, vue@^3.2.25, vue@^3.3.0, vue@^3.3.8, vue@3.3.9, vue@3.x:
  version "3.3.9"
  resolved "https://registry.npmjs.org/vue/-/vue-3.3.9.tgz"
  integrity sha512-sy5sLCTR8m6tvUk1/ijri3Yqzgpdsmxgj6n6yl7GXXCXqVbmW2RCXe9atE4cEI6Iv7L89v5f35fZRRr5dChP9w==
  dependencies:
    "@vue/compiler-dom" "3.3.9"
    "@vue/compiler-sfc" "3.3.9"
    "@vue/runtime-dom" "3.3.9"
    "@vue/server-renderer" "3.3.9"
    "@vue/shared" "3.3.9"

vuetify@^3.4.4:
  version "3.4.4"
  resolved "https://registry.npmjs.org/vuetify/-/vuetify-3.4.4.tgz"
  integrity sha512-qnQy3iPOLMcyKUAb5Oi2hw+2qjc9NQK/M2i95ZUvjpHEF5mTBvGwCJ2xXV4Yn9eaGhuUtWBqgR/3Op42S3d41g==

w3c-keyname@^2.2.4:
  version "2.2.8"
  resolved "https://registry.npmjs.org/w3c-keyname/-/w3c-keyname-2.2.8.tgz"
  integrity sha512-dpojBhNsCNN7T82Tm7k26A6G9ML3NkhDsnw9n/eoxSRlVBB4CEtIQ/KTCLI2Fwf3ataSXRhYFkQi3SlnFwPvPQ==

yallist@^4.0.0:
  version "4.0.0"
  resolved "https://registry.npmjs.org/yallist/-/yallist-4.0.0.tgz"
  integrity sha512-3wdGidZyq5PB084XLES5TpOSRA3wjXAlIWMhum2kRcv/41Sn2emQ0dycQW4uZXLejwKvg6EsvbdlVL+FYEct7A==
